// !$*UTF8*$!
{
	archiveVersion = 1;
	classes = {
	};
	objectVersion = 50;
	objects = {

/* Begin PBXBuildFile section */
		40C240F425ECEAB50077E45B /* AppDelegate.m in Sources */ = {isa = PBXBuildFile; fileRef = 40C240F325ECEAB50077E45B /* AppDelegate.m */; };
		40C240F725ECEAB50077E45B /* SceneDelegate.m in Sources */ = {isa = PBXBuildFile; fileRef = 40C240F625ECEAB50077E45B /* SceneDelegate.m */; };
		40C240FA25ECEAB50077E45B /* ViewController.m in Sources */ = {isa = PBXBuildFile; fileRef = 40C240F925ECEAB50077E45B /* ViewController.m */; };
		40C240FD25ECEAB50077E45B /* Main.storyboard in Resources */ = {isa = PBXBuildFile; fileRef = 40C240FB25ECEAB50077E45B /* Main.storyboard */; };
		40C240FF25ECEAB70077E45B /* Assets.xcassets in Resources */ = {isa = PBXBuildFile; fileRef = 40C240FE25ECEAB70077E45B /* Assets.xcassets */; };
		40C2410225ECEAB70077E45B /* LaunchScreen.storyboard in Resources */ = {isa = PBXBuildFile; fileRef = 40C2410025ECEAB70077E45B /* LaunchScreen.storyboard */; };
		40C2410525ECEAB70077E45B /* main.m in Sources */ = {isa = PBXBuildFile; fileRef = 40C2410425ECEAB70077E45B /* main.m */; };
		40C2410F25ECEAB70077E45B /* AppStartOptimizeTests.m in Sources */ = {isa = PBXBuildFile; fileRef = 40C2410E25ECEAB70077E45B /* AppStartOptimizeTests.m */; };
		40C2411A25ECEAB70077E45B /* AppStartOptimizeUITests.m in Sources */ = {isa = PBXBuildFile; fileRef = 40C2411925ECEAB70077E45B /* AppStartOptimizeUITests.m */; };
/* End PBXBuildFile section */

/* Begin PBXContainerItemProxy section */
		40C2410B25ECEAB70077E45B /* PBXContainerItemProxy */ = {
			isa = PBXContainerItemProxy;
			containerPortal = 40C240E725ECEAB50077E45B /* Project object */;
			proxyType = 1;
			remoteGlobalIDString = 40C240EE25ECEAB50077E45B;
			remoteInfo = AppStartOptimize;
		};
		40C2411625ECEAB70077E45B /* PBXContainerItemProxy */ = {
			isa = PBXContainerItemProxy;
			containerPortal = 40C240E725ECEAB50077E45B /* Project object */;
			proxyType = 1;
			remoteGlobalIDString = 40C240EE25ECEAB50077E45B;
			remoteInfo = AppStartOptimize;
		};
/* End PBXContainerItemProxy section */

/* Begin PBXFileReference section */
		40C240EF25ECEAB50077E45B /* AppStartOptimize.app */ = {isa = PBXFileReference; explicitFileType = wrapper.application; includeInIndex = 0; path = AppStartOptimize.app; sourceTree = BUILT_PRODUCTS_DIR; };
		40C240F225ECEAB50077E45B /* AppDelegate.h */ = {isa = PBXFileReference; lastKnownFileType = sourcecode.c.h; path = AppDelegate.h; sourceTree = "<group>"; };
		40C240F325ECEAB50077E45B /* AppDelegate.m */ = {isa = PBXFileReference; lastKnownFileType = sourcecode.c.objc; path = AppDelegate.m; sourceTree = "<group>"; };
		40C240F525ECEAB50077E45B /* SceneDelegate.h */ = {isa = PBXFileReference; lastKnownFileType = sourcecode.c.h; path = SceneDelegate.h; sourceTree = "<group>"; };
		40C240F625ECEAB50077E45B /* SceneDelegate.m */ = {isa = PBXFileReference; lastKnownFileType = sourcecode.c.objc; path = SceneDelegate.m; sourceTree = "<group>"; };
		40C240F825ECEAB50077E45B /* ViewController.h */ = {isa = PBXFileReference; lastKnownFileType = sourcecode.c.h; path = ViewController.h; sourceTree = "<group>"; };
		40C240F925ECEAB50077E45B /* ViewController.m */ = {isa = PBXFileReference; lastKnownFileType = sourcecode.c.objc; path = ViewController.m; sourceTree = "<group>"; };
		40C240FC25ECEAB50077E45B /* Base */ = {isa = PBXFileReference; lastKnownFileType = file.storyboard; name = Base; path = Base.lproj/Main.storyboard; sourceTree = "<group>"; };
		40C240FE25ECEAB70077E45B /* Assets.xcassets */ = {isa = PBXFileReference; lastKnownFileType = folder.assetcatalog; path = Assets.xcassets; sourceTree = "<group>"; };
		40C2410125ECEAB70077E45B /* Base */ = {isa = PBXFileReference; lastKnownFileType = file.storyboard; name = Base; path = Base.lproj/LaunchScreen.storyboard; sourceTree = "<group>"; };
		40C2410325ECEAB70077E45B /* Info.plist */ = {isa = PBXFileReference; lastKnownFileType = text.plist.xml; path = Info.plist; sourceTree = "<group>"; };
		40C2410425ECEAB70077E45B /* main.m */ = {isa = PBXFileReference; lastKnownFileType = sourcecode.c.objc; path = main.m; sourceTree = "<group>"; };
		40C2410A25ECEAB70077E45B /* AppStartOptimizeTests.xctest */ = {isa = PBXFileReference; explicitFileType = wrapper.cfbundle; includeInIndex = 0; path = AppStartOptimizeTests.xctest; sourceTree = BUILT_PRODUCTS_DIR; };
		40C2410E25ECEAB70077E45B /* AppStartOptimizeTests.m */ = {isa = PBXFileReference; lastKnownFileType = sourcecode.c.objc; path = AppStartOptimizeTests.m; sourceTree = "<group>"; };
		40C2411025ECEAB70077E45B /* Info.plist */ = {isa = PBXFileReference; lastKnownFileType = text.plist.xml; path = Info.plist; sourceTree = "<group>"; };
		40C2411525ECEAB70077E45B /* AppStartOptimizeUITests.xctest */ = {isa = PBXFileReference; explicitFileType = wrapper.cfbundle; includeInIndex = 0; path = AppStartOptimizeUITests.xctest; sourceTree = BUILT_PRODUCTS_DIR; };
		40C2411925ECEAB70077E45B /* AppStartOptimizeUITests.m */ = {isa = PBXFileReference; lastKnownFileType = sourcecode.c.objc; path = AppStartOptimizeUITests.m; sourceTree = "<group>"; };
		40C2411B25ECEAB70077E45B /* Info.plist */ = {isa = PBXFileReference; lastKnownFileType = text.plist.xml; path = Info.plist; sourceTree = "<group>"; };
/* End PBXFileReference section */

/* Begin PBXFrameworksBuildPhase section */
		40C240EC25ECEAB50077E45B /* Frameworks */ = {
			isa = PBXFrameworksBuildPhase;
			buildActionMask = 2147483647;
			files = (
			);
			runOnlyForDeploymentPostprocessing = 0;
		};
		40C2410725ECEAB70077E45B /* Frameworks */ = {
			isa = PBXFrameworksBuildPhase;
			buildActionMask = 2147483647;
			files = (
			);
			runOnlyForDeploymentPostprocessing = 0;
		};
		40C2411225ECEAB70077E45B /* Frameworks */ = {
			isa = PBXFrameworksBuildPhase;
			buildActionMask = 2147483647;
			files = (
			);
			runOnlyForDeploymentPostprocessing = 0;
		};
/* End PBXFrameworksBuildPhase section */

/* Begin PBXGroup section */
		40C240E625ECEAB50077E45B = {
			isa = PBXGroup;
			children = (
				40C240F125ECEAB50077E45B /* AppStartOptimize */,
				40C2410D25ECEAB70077E45B /* AppStartOptimizeTests */,
				40C2411825ECEAB70077E45B /* AppStartOptimizeUITests */,
				40C240F025ECEAB50077E45B /* Products */,
			);
			sourceTree = "<group>";
		};
		40C240F025ECEAB50077E45B /* Products */ = {
			isa = PBXGroup;
			children = (
				40C240EF25ECEAB50077E45B /* AppStartOptimize.app */,
				40C2410A25ECEAB70077E45B /* AppStartOptimizeTests.xctest */,
				40C2411525ECEAB70077E45B /* AppStartOptimizeUITests.xctest */,
			);
			name = Products;
			sourceTree = "<group>";
		};
		40C240F125ECEAB50077E45B /* AppStartOptimize */ = {
			isa = PBXGroup;
			children = (
				40C240F225ECEAB50077E45B /* AppDelegate.h */,
				40C240F325ECEAB50077E45B /* AppDelegate.m */,
				40C240F525ECEAB50077E45B /* SceneDelegate.h */,
				40C240F625ECEAB50077E45B /* SceneDelegate.m */,
				40C240F825ECEAB50077E45B /* ViewController.h */,
				40C240F925ECEAB50077E45B /* ViewController.m */,
				40C240FB25ECEAB50077E45B /* Main.storyboard */,
				40C240FE25ECEAB70077E45B /* Assets.xcassets */,
				40C2410025ECEAB70077E45B /* LaunchScreen.storyboard */,
				40C2410325ECEAB70077E45B /* Info.plist */,
				40C2410425ECEAB70077E45B /* main.m */,
			);
			path = AppStartOptimize;
			sourceTree = "<group>";
		};
		40C2410D25ECEAB70077E45B /* AppStartOptimizeTests */ = {
			isa = PBXGroup;
			children = (
				40C2410E25ECEAB70077E45B /* AppStartOptimizeTests.m */,
				40C2411025ECEAB70077E45B /* Info.plist */,
			);
			path = AppStartOptimizeTests;
			sourceTree = "<group>";
		};
		40C2411825ECEAB70077E45B /* AppStartOptimizeUITests */ = {
			isa = PBXGroup;
			children = (
				40C2411925ECEAB70077E45B /* AppStartOptimizeUITests.m */,
				40C2411B25ECEAB70077E45B /* Info.plist */,
			);
			path = AppStartOptimizeUITests;
			sourceTree = "<group>";
		};
/* End PBXGroup section */

/* Begin PBXNativeTarget section */
		40C240EE25ECEAB50077E45B /* AppStartOptimize */ = {
			isa = PBXNativeTarget;
			buildConfigurationList = 40C2411E25ECEAB70077E45B /* Build configuration list for PBXNativeTarget "AppStartOptimize" */;
			buildPhases = (
				40C240EB25ECEAB50077E45B /* Sources */,
				40C240EC25ECEAB50077E45B /* Frameworks */,
				40C240ED25ECEAB50077E45B /* Resources */,
			);
			buildRules = (
			);
			dependencies = (
			);
			name = AppStartOptimize;
			productName = AppStartOptimize;
			productReference = 40C240EF25ECEAB50077E45B /* AppStartOptimize.app */;
			productType = "com.apple.product-type.application";
		};
		40C2410925ECEAB70077E45B /* AppStartOptimizeTests */ = {
			isa = PBXNativeTarget;
			buildConfigurationList = 40C2412125ECEAB70077E45B /* Build configuration list for PBXNativeTarget "AppStartOptimizeTests" */;
			buildPhases = (
				40C2410625ECEAB70077E45B /* Sources */,
				40C2410725ECEAB70077E45B /* Frameworks */,
				40C2410825ECEAB70077E45B /* Resources */,
			);
			buildRules = (
			);
			dependencies = (
				40C2410C25ECEAB70077E45B /* PBXTargetDependency */,
			);
			name = AppStartOptimizeTests;
			productName = AppStartOptimizeTests;
			productReference = 40C2410A25ECEAB70077E45B /* AppStartOptimizeTests.xctest */;
			productType = "com.apple.product-type.bundle.unit-test";
		};
		40C2411425ECEAB70077E45B /* AppStartOptimizeUITests */ = {
			isa = PBXNativeTarget;
			buildConfigurationList = 40C2412425ECEAB70077E45B /* Build configuration list for PBXNativeTarget "AppStartOptimizeUITests" */;
			buildPhases = (
				40C2411125ECEAB70077E45B /* Sources */,
				40C2411225ECEAB70077E45B /* Frameworks */,
				40C2411325ECEAB70077E45B /* Resources */,
			);
			buildRules = (
			);
			dependencies = (
				40C2411725ECEAB70077E45B /* PBXTargetDependency */,
			);
			name = AppStartOptimizeUITests;
			productName = AppStartOptimizeUITests;
			productReference = 40C2411525ECEAB70077E45B /* AppStartOptimizeUITests.xctest */;
			productType = "com.apple.product-type.bundle.ui-testing";
		};
/* End PBXNativeTarget section */

/* Begin PBXProject section */
		40C240E725ECEAB50077E45B /* Project object */ = {
			isa = PBXProject;
			attributes = {
				LastUpgradeCheck = 1170;
				ORGANIZATIONNAME = sunner;
				TargetAttributes = {
					40C240EE25ECEAB50077E45B = {
						CreatedOnToolsVersion = 11.7;
					};
					40C2410925ECEAB70077E45B = {
						CreatedOnToolsVersion = 11.7;
						TestTargetID = 40C240EE25ECEAB50077E45B;
					};
					40C2411425ECEAB70077E45B = {
						CreatedOnToolsVersion = 11.7;
						TestTargetID = 40C240EE25ECEAB50077E45B;
					};
				};
			};
			buildConfigurationList = 40C240EA25ECEAB50077E45B /* Build configuration list for PBXProject "AppStartOptimize" */;
			compatibilityVersion = "Xcode 9.3";
			developmentRegion = en;
			hasScannedForEncodings = 0;
			knownRegions = (
				en,
				Base,
			);
			mainGroup = 40C240E625ECEAB50077E45B;
			productRefGroup = 40C240F025ECEAB50077E45B /* Products */;
			projectDirPath = "";
			projectRoot = "";
			targets = (
				40C240EE25ECEAB50077E45B /* AppStartOptimize */,
				40C2410925ECEAB70077E45B /* AppStartOptimizeTests */,
				40C2411425ECEAB70077E45B /* AppStartOptimizeUITests */,
			);
		};
/* End PBXProject section */

/* Begin PBXResourcesBuildPhase section */
		40C240ED25ECEAB50077E45B /* Resources */ = {
			isa = PBXResourcesBuildPhase;
			buildActionMask = 2147483647;
			files = (
				40C2410225ECEAB70077E45B /* LaunchScreen.storyboard in Resources */,
				40C240FF25ECEAB70077E45B /* Assets.xcassets in Resources */,
				40C240FD25ECEAB50077E45B /* Main.storyboard in Resources */,
			);
			runOnlyForDeploymentPostprocessing = 0;
		};
		40C2410825ECEAB70077E45B /* Resources */ = {
			isa = PBXResourcesBuildPhase;
			buildActionMask = 2147483647;
			files = (
			);
			runOnlyForDeploymentPostprocessing = 0;
		};
		40C2411325ECEAB70077E45B /* Resources */ = {
			isa = PBXResourcesBuildPhase;
			buildActionMask = 2147483647;
			files = (
			);
			runOnlyForDeploymentPostprocessing = 0;
		};
/* End PBXResourcesBuildPhase section */

/* Begin PBXSourcesBuildPhase section */
		40C240EB25ECEAB50077E45B /* Sources */ = {
			isa = PBXSourcesBuildPhase;
			buildActionMask = 2147483647;
			files = (
				40C240FA25ECEAB50077E45B /* ViewController.m in Sources */,
				40C240F425ECEAB50077E45B /* AppDelegate.m in Sources */,
				40C2410525ECEAB70077E45B /* main.m in Sources */,
				40C240F725ECEAB50077E45B /* SceneDelegate.m in Sources */,
			);
			runOnlyForDeploymentPostprocessing = 0;
		};
		40C2410625ECEAB70077E45B /* Sources */ = {
			isa = PBXSourcesBuildPhase;
			buildActionMask = 2147483647;
			files = (
				40C2410F25ECEAB70077E45B /* AppStartOptimizeTests.m in Sources */,
			);
			runOnlyForDeploymentPostprocessing = 0;
		};
		40C2411125ECEAB70077E45B /* Sources */ = {
			isa = PBXSourcesBuildPhase;
			buildActionMask = 2147483647;
			files = (
				40C2411A25ECEAB70077E45B /* AppStartOptimizeUITests.m in Sources */,
			);
			runOnlyForDeploymentPostprocessing = 0;
		};
/* End PBXSourcesBuildPhase section */

/* Begin PBXTargetDependency section */
		40C2410C25ECEAB70077E45B /* PBXTargetDependency */ = {
			isa = PBXTargetDependency;
			target = 40C240EE25ECEAB50077E45B /* AppStartOptimize */;
			targetProxy = 40C2410B25ECEAB70077E45B /* PBXContainerItemProxy */;
		};
		40C2411725ECEAB70077E45B /* PBXTargetDependency */ = {
			isa = PBXTargetDependency;
			target = 40C240EE25ECEAB50077E45B /* AppStartOptimize */;
			targetProxy = 40C2411625ECEAB70077E45B /* PBXContainerItemProxy */;
		};
/* End PBXTargetDependency section */

/* Begin PBXVariantGroup section */
		40C240FB25ECEAB50077E45B /* Main.storyboard */ = {
			isa = PBXVariantGroup;
			children = (
				40C240FC25ECEAB50077E45B /* Base */,
			);
			name = Main.storyboard;
			sourceTree = "<group>";
		};
		40C2410025ECEAB70077E45B /* LaunchScreen.storyboard */ = {
			isa = PBXVariantGroup;
			children = (
				40C2410125ECEAB70077E45B /* Base */,
			);
			name = LaunchScreen.storyboard;
			sourceTree = "<group>";
		};
/* End PBXVariantGroup section */

/* Begin XCBuildConfiguration section */
		40C2411C25ECEAB70077E45B /* Debug */ = {
			isa = XCBuildConfiguration;
			buildSettings = {
				ALWAYS_SEARCH_USER_PATHS = NO;
				CLANG_ANALYZER_NONNULL = YES;
				CLANG_ANALYZER_NUMBER_OBJECT_CONVERSION = YES_AGGRESSIVE;
				CLANG_CXX_LANGUAGE_STANDARD = "gnu++14";
				CLANG_CXX_LIBRARY = "libc++";
				CLANG_ENABLE_MODULES = YES;
				CLANG_ENABLE_OBJC_ARC = YES;
				CLANG_ENABLE_OBJC_WEAK = YES;
				CLANG_WARN_BLOCK_CAPTURE_AUTORELEASING = YES;
				CLANG_WARN_BOOL_CONVERSION = YES;
				CLANG_WARN_COMMA = YES;
				CLANG_WARN_CONSTANT_CONVERSION = YES;
				CLANG_WARN_DEPRECATED_OBJC_IMPLEMENTATIONS = YES;
				CLANG_WARN_DIRECT_OBJC_ISA_USAGE = YES_ERROR;
				CLANG_WARN_DOCUMENTATION_COMMENTS = YES;
				CLANG_WARN_EMPTY_BODY = YES;
				CLANG_WARN_ENUM_CONVERSION = YES;
				CLANG_WARN_INFINITE_RECURSION = YES;
				CLANG_WARN_INT_CONVERSION = YES;
				CLANG_WARN_NON_LITERAL_NULL_CONVERSION = YES;
				CLANG_WARN_OBJC_IMPLICIT_RETAIN_SELF = YES;
				CLANG_WARN_OBJC_LITERAL_CONVERSION = YES;
				CLANG_WARN_OBJC_ROOT_CLASS = YES_ERROR;
				CLANG_WARN_RANGE_LOOP_ANALYSIS = YES;
				CLANG_WARN_STRICT_PROTOTYPES = YES;
				CLANG_WARN_SUSPICIOUS_MOVE = YES;
				CLANG_WARN_UNGUARDED_AVAILABILITY = YES_AGGRESSIVE;
				CLANG_WARN_UNREACHABLE_CODE = YES;
				CLANG_WARN__DUPLICATE_METHOD_MATCH = YES;
				COPY_PHASE_STRIP = NO;
				DEBUG_INFORMATION_FORMAT = dwarf;
				ENABLE_STRICT_OBJC_MSGSEND = YES;
				ENABLE_TESTABILITY = YES;
				GCC_C_LANGUAGE_STANDARD = gnu11;
				GCC_DYNAMIC_NO_PIC = NO;
				GCC_NO_COMMON_BLOCKS = YES;
				GCC_OPTIMIZATION_LEVEL = 0;
				GCC_PREPROCESSOR_DEFINITIONS = (
					"DEBUG=1",
					"$(inherited)",
				);
				GCC_WARN_64_TO_32_BIT_CONVERSION = YES;
				GCC_WARN_ABOUT_RETURN_TYPE = YES_ERROR;
				GCC_WARN_UNDECLARED_SELECTOR = YES;
				GCC_WARN_UNINITIALIZED_AUTOS = YES_AGGRESSIVE;
				GCC_WARN_UNUSED_FUNCTION = YES;
				GCC_WARN_UNUSED_VARIABLE = YES;
				IPHONEOS_DEPLOYMENT_TARGET = 13.7;
				MTL_ENABLE_DEBUG_INFO = INCLUDE_SOURCE;
				MTL_FAST_MATH = YES;
				ONLY_ACTIVE_ARCH = YES;
				SDKROOT = iphoneos;
			};
			name = Debug;
		};
		40C2411D25ECEAB70077E45B /* Release */ = {
			isa = XCBuildConfiguration;
			buildSettings = {
				ALWAYS_SEARCH_USER_PATHS = NO;
				CLANG_ANALYZER_NONNULL = YES;
				CLANG_ANALYZER_NUMBER_OBJECT_CONVERSION = YES_AGGRESSIVE;
				CLANG_CXX_LANGUAGE_STANDARD = "gnu++14";
				CLANG_CXX_LIBRARY = "libc++";
				CLANG_ENABLE_MODULES = YES;
				CLANG_ENABLE_OBJC_ARC = YES;
				CLANG_ENABLE_OBJC_WEAK = YES;
				CLANG_WARN_BLOCK_CAPTURE_AUTORELEASING = YES;
				CLANG_WARN_BOOL_CONVERSION = YES;
				CLANG_WARN_COMMA = YES;
				CLANG_WARN_CONSTANT_CONVERSION = YES;
				CLANG_WARN_DEPRECATED_OBJC_IMPLEMENTATIONS = YES;
				CLANG_WARN_DIRECT_OBJC_ISA_USAGE = YES_ERROR;
				CLANG_WARN_DOCUMENTATION_COMMENTS = YES;
				CLANG_WARN_EMPTY_BODY = YES;
				CLANG_WARN_ENUM_CONVERSION = YES;
				CLANG_WARN_INFINITE_RECURSION = YES;
				CLANG_WARN_INT_CONVERSION = YES;
				CLANG_WARN_NON_LITERAL_NULL_CONVERSION = YES;
				CLANG_WARN_OBJC_IMPLICIT_RETAIN_SELF = YES;
				CLANG_WARN_OBJC_LITERAL_CONVERSION = YES;
				CLANG_WARN_OBJC_ROOT_CLASS = YES_ERROR;
				CLANG_WARN_RANGE_LOOP_ANALYSIS = YES;
				CLANG_WARN_STRICT_PROTOTYPES = YES;
				CLANG_WARN_SUSPICIOUS_MOVE = YES;
				CLANG_WARN_UNGUARDED_AVAILABILITY = YES_AGGRESSIVE;
				CLANG_WARN_UNREACHABLE_CODE = YES;
				CLANG_WARN__DUPLICATE_METHOD_MATCH = YES;
				COPY_PHASE_STRIP = NO;
				DEBUG_INFORMATION_FORMAT = "dwarf-with-dsym";
				ENABLE_NS_ASSERTIONS = NO;
				ENABLE_STRICT_OBJC_MSGSEND = YES;
				GCC_C_LANGUAGE_STANDARD = gnu11;
				GCC_NO_COMMON_BLOCKS = YES;
				GCC_WARN_64_TO_32_BIT_CONVERSION = YES;
				GCC_WARN_ABOUT_RETURN_TYPE = YES_ERROR;
				GCC_WARN_UNDECLARED_SELECTOR = YES;
				GCC_WARN_UNINITIALIZED_AUTOS = YES_AGGRESSIVE;
				GCC_WARN_UNUSED_FUNCTION = YES;
				GCC_WARN_UNUSED_VARIABLE = YES;
				IPHONEOS_DEPLOYMENT_TARGET = 13.7;
				MTL_ENABLE_DEBUG_INFO = NO;
				MTL_FAST_MATH = YES;
				SDKROOT = iphoneos;
				VALIDATE_PRODUCT = YES;
			};
			name = Release;
		};
		40C2411F25ECEAB70077E45B /* Debug */ = {
			isa = XCBuildConfiguration;
			buildSettings = {
				ASSETCATALOG_COMPILER_APPICON_NAME = AppIcon;
				CODE_SIGN_STYLE = Automatic;
				DEVELOPMENT_TEAM = VF89SJS4E3;
				INFOPLIST_FILE = AppStartOptimize/Info.plist;
				LD_RUNPATH_SEARCH_PATHS = (
					"$(inherited)",
					"@executable_path/Frameworks",
				);
				PRODUCT_BUNDLE_IDENTIFIER = sunner.AppStartOptimize;
				PRODUCT_NAME = "$(TARGET_NAME)";
				TARGETED_DEVICE_FAMILY = "1,2";
			};
			name = Debug;
		};
		40C2412025ECEAB70077E45B /* Release */ = {
			isa = XCBuildConfiguration;
			buildSettings = {
				ASSETCATALOG_COMPILER_APPICON_NAME = AppIcon;
				CODE_SIGN_STYLE = Automatic;
				DEVELOPMENT_TEAM = VF89SJS4E3;
				INFOPLIST_FILE = AppStartOptimize/Info.plist;
				LD_RUNPATH_SEARCH_PATHS = (
					"$(inherited)",
					"@executable_path/Frameworks",
				);
				PRODUCT_BUNDLE_IDENTIFIER = sunner.AppStartOptimize;
				PRODUCT_NAME = "$(TARGET_NAME)";
				TARGETED_DEVICE_FAMILY = "1,2";
			};
			name = Release;
		};
		40C2412225ECEAB70077E45B /* Debug */ = {
			isa = XCBuildConfiguration;
			buildSettings = {
				BUNDLE_LOADER = "$(TEST_HOST)";
				CODE_SIGN_STYLE = Automatic;
				DEVELOPMENT_TEAM = VF89SJS4E3;
				INFOPLIST_FILE = AppStartOptimizeTests/Info.plist;
				IPHONEOS_DEPLOYMENT_TARGET = 13.7;
				LD_RUNPATH_SEARCH_PATHS = (
					"$(inherited)",
					"@executable_path/Frameworks",
					"@loader_path/Frameworks",
				);
				PRODUCT_BUNDLE_IDENTIFIER = sunner.AppStartOptimizeTests;
				PRODUCT_NAME = "$(TARGET_NAME)";
				TARGETED_DEVICE_FAMILY = "1,2";
				TEST_HOST = "$(BUILT_PRODUCTS_DIR)/AppStartOptimize.app/AppStartOptimize";
			};
			name = Debug;
		};
		40C2412325ECEAB70077E45B /* Release */ = {
			isa = XCBuildConfiguration;
			buildSettings = {
				BUNDLE_LOADER = "$(TEST_HOST)";
				CODE_SIGN_STYLE = Automatic;
				DEVELOPMENT_TEAM = VF89SJS4E3;
				INFOPLIST_FILE = AppStartOptimizeTests/Info.plist;
				IPHONEOS_DEPLOYMENT_TARGET = 13.7;
				LD_RUNPATH_SEARCH_PATHS = (
					"$(inherited)",
					"@executable_path/Frameworks",
					"@loader_path/Frameworks",
				);
				PRODUCT_BUNDLE_IDENTIFIER = sunner.AppStartOptimizeTests;
				PRODUCT_NAME = "$(TARGET_NAME)";
				TARGETED_DEVICE_FAMILY = "1,2";
				TEST_HOST = "$(BUILT_PRODUCTS_DIR)/AppStartOptimize.app/AppStartOptimize";
			};
			name = Release;
		};
		40C2412525ECEAB70077E45B /* Debug */ = {
			isa = XCBuildConfiguration;
			buildSettings = {
				CODE_SIGN_STYLE = Automatic;
				DEVELOPMENT_TEAM = VF89SJS4E3;
				INFOPLIST_FILE = AppStartOptimizeUITests/Info.plist;
				LD_RUNPATH_SEARCH_PATHS = (
					"$(inherited)",
					"@executable_path/Frameworks",
					"@loader_path/Frameworks",
				);
				PRODUCT_BUNDLE_IDENTIFIER = sunner.AppStartOptimizeUITests;
				PRODUCT_NAME = "$(TARGET_NAME)";
				TARGETED_DEVICE_FAMILY = "1,2";
				TEST_TARGET_NAME = AppStartOptimize;
			};
			name = Debug;
		};
		40C2412625ECEAB70077E45B /* Release */ = {
			isa = XCBuildConfiguration;
			buildSettings = {
				CODE_SIGN_STYLE = Automatic;
				DEVELOPMENT_TEAM = VF89SJS4E3;
				INFOPLIST_FILE = AppStartOptimizeUITests/Info.plist;
				LD_RUNPATH_SEARCH_PATHS = (
					"$(inherited)",
					"@executable_path/Frameworks",
					"@loader_path/Frameworks",
				);
				PRODUCT_BUNDLE_IDENTIFIER = sunner.AppStartOptimizeUITests;
				PRODUCT_NAME = "$(TARGET_NAME)";
				TARGETED_DEVICE_FAMILY = "1,2";
				TEST_TARGET_NAME = AppStartOptimize;
			};
			name = Release;
		};
/* End XCBuildConfiguration section */

/* Begin XCConfigurationList section */
		40C240EA25ECEAB50077E45B /* Build configuration list for PBXProject "AppStartOptimize" */ = {
			isa = XCConfigurationList;
			buildConfigurations = (
				40C2411C25ECEAB70077E45B /* Debug */,
				40C2411D25ECEAB70077E45B /* Release */,
			);
			defaultConfigurationIsVisible = 0;
			defaultConfigurationName = Release;
		};
		40C2411E25ECEAB70077E45B /* Build configuration list for PBXNativeTarget "AppStartOptimize" */ = {
			isa = XCConfigurationList;
			buildConfigurations = (
				40C2411F25ECEAB70077E45B /* Debug */,
				40C2412025ECEAB70077E45B /* Release */,
			);
			defaultConfigurationIsVisible = 0;
			defaultConfigurationName = Release;
		};
		40C2412125ECEAB70077E45B /* Build configuration list for PBXNativeTarget "AppStartOptimizeTests" */ = {
			isa = XCConfigurationList;
			buildConfigurations = (
				40C2412225ECEAB70077E45B /* Debug */,
				40C2412325ECEAB70077E45B /* Release */,
			);
			defaultConfigurationIsVisible = 0;
			defaultConfigurationName = Release;
		};
		40C2412425ECEAB70077E45B /* Build configuration list for PBXNativeTarget "AppStartOptimizeUITests" */ = {
			isa = XCConfigurationList;
			buildConfigurations = (
				40C2412525ECEAB70077E45B /* Debug */,
				40C2412625ECEAB70077E45B /* Release */,
			);
			defaultConfigurationIsVisible = 0;
			defaultConfigurationName = Release;
		};
/* End XCConfigurationList section */
	};
	rootObject = 40C240E725ECEAB50077E45B /* Project object */;
}
